
Microsoft Visual Studio Solution File, Format Version 12.00
# Visual Studio Version 17
VisualStudioVersion = 17.8.34330.188
MinimumVisualStudioVersion = 10.0.40219.1
Project("{FAE04EC0-301F-11D3-BF4B-00C04F79EFBC}") = "github_Collab_Csharp", "github_Collab_Csharp\github_Collab_Csharp.csproj", "{EE76E7D3-B5FC-437E-81AD-1806D9BFB7B1}"
EndProject
Global
	GlobalSection(SolutionConfigurationPlatforms) = preSolution
		Debug|Any CPU = Debug|Any CPU
		Release|Any CPU = Release|Any CPU
	EndGlobalSection
	GlobalSection(ProjectConfigurationPlatforms) = postSolution
		{EE76E7D3-B5FC-437E-81AD-1806D9BFB7B1}.Debug|Any CPU.ActiveCfg = Debug|Any CPU
		{EE76E7D3-B5FC-437E-81AD-1806D9BFB7B1}.Debug|Any CPU.Build.0 = Debug|Any CPU
		{EE76E7D3-B5FC-437E-81AD-1806D9BFB7B1}.Release|Any CPU.ActiveCfg = Release|Any CPU
		{EE76E7D3-B5FC-437E-81AD-1806D9BFB7B1}.Release|Any CPU.Build.0 = Release|Any CPU
	EndGlobalSection
	GlobalSection(SolutionProperties) = preSolution
		HideSolutionNode = FALSE
	EndGlobalSection
	GlobalSection(ExtensibilityGlobals) = postSolution
		SolutionGuid = {2F567B49-0C58-407F-842F-A9DEB6D87B7C}
	EndGlobalSection
EndGlobal
